<?xml version="1.0" encoding="utf-8"?>
<Project ToolsVersion="4.0" xmlns="http://schemas.microsoft.com/developer/msbuild/2003">
  <ItemGroup>
    <Filter Include="Source Files">
      <UniqueIdentifier>{4FC737F1-C7A5-4376-A066-2A32D752A2FF}</UniqueIdentifier>
      <Extensions>cpp;cxx;c;def</Extensions>
    </Filter>
    <Filter Include="Header Files">
      <UniqueIdentifier>{93995380-89BD-4b04-88EB-625FBE52EBFB}</UniqueIdentifier>
      <Extensions>h</Extensions>
    </Filter>
    <Filter Include="Form Files">
      <UniqueIdentifier>{99349809-55BA-4b9d-BF79-8FDBB0286EB3}</UniqueIdentifier>
      <Extensions>ui</Extensions>
    </Filter>
    <Filter Include="Resource Files">
      <UniqueIdentifier>{D9D6E242-F8AF-46E4-B9FD-80ECBC20BA3E}</UniqueIdentifier>
      <Extensions>qrc;*</Extensions>
      <ParseFiles>false</ParseFiles>
    </Filter>
    <Filter Include="Generated Files">
      <UniqueIdentifier>{71ED8ED8-ACB9-4CE9-BBE1-E00B30144E11}</UniqueIdentifier>
      <Extensions>moc;h;cpp</Extensions>
      <SourceControlFiles>False</SourceControlFiles>
    </Filter>
    <Filter Include="Generated Files\Debug">
      <UniqueIdentifier>{3c12dd7a-7556-44f5-9270-958445ddead1}</UniqueIdentifier>
      <Extensions>cpp;moc</Extensions>
      <SourceControlFiles>False</SourceControlFiles>
    </Filter>
    <Filter Include="Generated Files\Release">
      <UniqueIdentifier>{9fcb05e6-3654-4c38-b0f4-9a3909992725}</UniqueIdentifier>
      <Extensions>cpp;moc</Extensions>
      <SourceControlFiles>False</SourceControlFiles>
    </Filter>
    <Filter Include="Source Files\AI_Engine">
      <UniqueIdentifier>{183b86a4-6983-49f1-ab66-88080d05938e}</UniqueIdentifier>
    </Filter>
    <Filter Include="Source Files\Engine_API">
      <UniqueIdentifier>{7e3c0cde-cb28-49d2-8a29-2fc247c241e8}</UniqueIdentifier>
    </Filter>
    <Filter Include="Header Files\AI_Common">
      <UniqueIdentifier>{0d2a771c-e07b-4832-9fa9-08309908861b}</UniqueIdentifier>
    </Filter>
    <Filter Include="Header Files\AI_Engine">
      <UniqueIdentifier>{511ebf1f-7261-4eb7-bce1-25c41dcf8525}</UniqueIdentifier>
    </Filter>
    <Filter Include="Source Files\AI_Common">
      <UniqueIdentifier>{f88320a0-d99d-4ca2-969e-71fc4f7fe460}</UniqueIdentifier>
    </Filter>
  </ItemGroup>
  <ItemGroup>
    <ClCompile Include="main.cpp">
      <Filter>Source Files</Filter>
    </ClCompile>
    <ClCompile Include="qt_app.cpp">
      <Filter>Source Files</Filter>
    </ClCompile>
    <ClCompile Include="GeneratedFiles\Debug\moc_qt_app.cpp">
      <Filter>Generated Files\Debug</Filter>
    </ClCompile>
    <ClCompile Include="GeneratedFiles\Release\moc_qt_app.cpp">
      <Filter>Generated Files\Release</Filter>
    </ClCompile>
    <ClCompile Include="GeneratedFiles\qrc_qt_app.cpp">
      <Filter>Generated Files</Filter>
    </ClCompile>
    <ClCompile Include="chessboard.cpp">
      <Filter>Source Files</Filter>
    </ClCompile>
    <ClCompile Include="GeneratedFiles\Debug\moc_chessboard.cpp">
      <Filter>Generated Files\Debug</Filter>
    </ClCompile>
    <ClCompile Include="GeneratedFiles\Release\moc_chessboard.cpp">
      <Filter>Generated Files\Release</Filter>
    </ClCompile>
    <ClCompile Include="chessboardmap.cpp">
      <Filter>Source Files</Filter>
    </ClCompile>
    <ClCompile Include="Hashitem.cpp">
      <Filter>Source Files\AI_Common</Filter>
    </ClCompile>
    <ClCompile Include="CTpattern.cpp">
      <Filter>Source Files\AI_Common</Filter>
    </ClCompile>
    <ClCompile Include="Cpattern.cpp">
      <Filter>Source Files\AI_Common</Filter>
    </ClCompile>
    <ClCompile Include="AIengine.cpp">
      <Filter>Source Files\Engine_API</Filter>
    </ClCompile>
    <ClCompile Include="Search_tree.cpp">
      <Filter>Source Files\AI_Engine</Filter>
    </ClCompile>
    <ClCompile Include="Game_tree2.cpp">
      <Filter>Source Files\AI_Engine</Filter>
    </ClCompile>
    <ClCompile Include="Game_tree.cpp">
      <Filter>Source Files\AI_Engine</Filter>
    </ClCompile>
    <ClCompile Include="Engine_debug.cpp">
      <Filter>Source Files\AI_Engine</Filter>
    </ClCompile>
    <ClCompile Include="Cboard.cpp">
      <Filter>Source Files\AI_Engine</Filter>
    </ClCompile>
    <ClCompile Include="VCT_tree.cpp">
      <Filter>Source Files\AI_Engine</Filter>
    </ClCompile>
  </ItemGroup>
  <ItemGroup>
    <CustomBuild Include="qt_app.h">
      <Filter>Header Files</Filter>
    </CustomBuild>
    <CustomBuild Include="qt_app.ui">
      <Filter>Form Files</Filter>
    </CustomBuild>
    <CustomBuild Include="qt_app.qrc">
      <Filter>Resource Files</Filter>
    </CustomBuild>
    <CustomBuild Include="chessboard.h">
      <Filter>Header Files</Filter>
    </CustomBuild>
    <CustomBuild Include="chessboard.ui">
      <Filter>Form Files</Filter>
    </CustomBuild>
  </ItemGroup>
  <ItemGroup>
    <ClInclude Include="GeneratedFiles\ui_qt_app.h">
      <Filter>Generated Files</Filter>
    </ClInclude>
    <ClInclude Include="GeneratedFiles\ui_chessboard.h">
      <Filter>Generated Files</Filter>
    </ClInclude>
    <ClInclude Include="chessboardmap.h">
      <Filter>Header Files</Filter>
    </ClInclude>
    <ClInclude Include="Header.h">
      <Filter>Header Files</Filter>
    </ClInclude>
    <ClInclude Include="AIengine.h">
      <Filter>Header Files\AI_Engine</Filter>
    </ClInclude>
    <ClInclude Include="Cboard.h">
      <Filter>Header Files\AI_Engine</Filter>
    </ClInclude>
    <ClInclude Include="Hashitem.h">
      <Filter>Header Files\AI_Common</Filter>
    </ClInclude>
    <ClInclude Include="Ctype.h">
      <Filter>Header Files\AI_Common</Filter>
    </ClInclude>
    <ClInclude Include="Cpattern.h">
      <Filter>Header Files\AI_Common</Filter>
    </ClInclude>
  </ItemGroup>
</Project>